// !$*UTF8*$!
{
	archiveVersion = 1;
	classes = {
	};
	objectVersion = 56;
	objects = {

/* Begin PBXBuildFile section */
		6316B55D2AD503CD00B7346F /* AppDelegate.swift in Sources */ = {isa = PBXBuildFile; fileRef = 6316B55C2AD503CD00B7346F /* AppDelegate.swift */; };
		6316B55F2AD503CD00B7346F /* SceneDelegate.swift in Sources */ = {isa = PBXBuildFile; fileRef = 6316B55E2AD503CD00B7346F /* SceneDelegate.swift */; };
		6316B5612AD503CD00B7346F /* ViewController.swift in Sources */ = {isa = PBXBuildFile; fileRef = 6316B5602AD503CD00B7346F /* ViewController.swift */; };
		6316B5642AD503CD00B7346F /* Main.storyboard in Resources */ = {isa = PBXBuildFile; fileRef = 6316B5622AD503CD00B7346F /* Main.storyboard */; };
		6316B5662AD503CF00B7346F /* Assets.xcassets in Resources */ = {isa = PBXBuildFile; fileRef = 6316B5652AD503CF00B7346F /* Assets.xcassets */; };
		6316B5692AD503CF00B7346F /* LaunchScreen.storyboard in Resources */ = {isa = PBXBuildFile; fileRef = 6316B5672AD503CF00B7346F /* LaunchScreen.storyboard */; };
		6316B58F2AD504C400B7346F /* FristViewController.swift in Sources */ = {isa = PBXBuildFile; fileRef = 6316B58E2AD504C400B7346F /* FristViewController.swift */; };
		6316B5912AD504E600B7346F /* SecondViewController.swift in Sources */ = {isa = PBXBuildFile; fileRef = 6316B5902AD504E600B7346F /* SecondViewController.swift */; };
		6316B5932AD5052D00B7346F /* ThirdViewController.swift in Sources */ = {isa = PBXBuildFile; fileRef = 6316B5922AD5052D00B7346F /* ThirdViewController.swift */; };
		6316B5952AD5054000B7346F /* FourthViewController.swift in Sources */ = {isa = PBXBuildFile; fileRef = 6316B5942AD5054000B7346F /* FourthViewController.swift */; };
		6316B5982AD5056600B7346F /* MakeIDViewController.swift in Sources */ = {isa = PBXBuildFile; fileRef = 6316B5972AD5056600B7346F /* MakeIDViewController.swift */; };
		6316B59A2AD5057600B7346F /* FindIDViewController.swift in Sources */ = {isa = PBXBuildFile; fileRef = 6316B5992AD5057600B7346F /* FindIDViewController.swift */; };
		6316B59E2AD505BA00B7346F /* FindPWViewController.swift in Sources */ = {isa = PBXBuildFile; fileRef = 6316B59D2AD505BA00B7346F /* FindPWViewController.swift */; };
		6316B5A12AD5097700B7346F /* BannerViewController.swift in Sources */ = {isa = PBXBuildFile; fileRef = 6316B5A02AD5097700B7346F /* BannerViewController.swift */; };
		6316B5A32AD509AE00B7346F /* FristInformationViewController.swift in Sources */ = {isa = PBXBuildFile; fileRef = 6316B5A22AD509AE00B7346F /* FristInformationViewController.swift */; };
		6316B5A52AD509B900B7346F /* SecondInformationViewController.swift in Sources */ = {isa = PBXBuildFile; fileRef = 6316B5A42AD509B900B7346F /* SecondInformationViewController.swift */; };
		6316B5A72AD509C200B7346F /* ThirdInformationViewController.swift in Sources */ = {isa = PBXBuildFile; fileRef = 6316B5A62AD509C200B7346F /* ThirdInformationViewController.swift */; };
		6316B5A92AD509CA00B7346F /* FourthInformationViewController.swift in Sources */ = {isa = PBXBuildFile; fileRef = 6316B5A82AD509CA00B7346F /* FourthInformationViewController.swift */; };
		6316B5AC2AD50A5E00B7346F /* SoonInformationViewController.swift in Sources */ = {isa = PBXBuildFile; fileRef = 6316B5AB2AD50A5E00B7346F /* SoonInformationViewController.swift */; };
		6316B5AE2AD50A6A00B7346F /* SoonInformationDetailViewController.swift in Sources */ = {isa = PBXBuildFile; fileRef = 6316B5AD2AD50A6A00B7346F /* SoonInformationDetailViewController.swift */; };
		6316B5B02AD50A7300B7346F /* SoonInformation.swift in Sources */ = {isa = PBXBuildFile; fileRef = 6316B5AF2AD50A7300B7346F /* SoonInformation.swift */; };
		634FBF962ADFA2B400D301F1 /* SoonattendaceViewController.swift in Sources */ = {isa = PBXBuildFile; fileRef = 634FBF952ADFA2B400D301F1 /* SoonattendaceViewController.swift */; };
		634FBF982ADFB55300D301F1 /* SoonRealInformation.swift in Sources */ = {isa = PBXBuildFile; fileRef = 634FBF972ADFB55300D301F1 /* SoonRealInformation.swift */; };
		63C1E7CD2AE0E81200D4A9DD /* SoonAttendanceDetailView.swift in Sources */ = {isa = PBXBuildFile; fileRef = 63C1E7CC2AE0E81200D4A9DD /* SoonAttendanceDetailView.swift */; };
		AD29FA43F736DEEAC82C8F23 /* Pods_hub_project.framework in Frameworks */ = {isa = PBXBuildFile; fileRef = 9D555008455D82C088E047F2 /* Pods_hub_project.framework */; };
/* End PBXBuildFile section */

/* Begin PBXContainerItemProxy section */
		6316B5702AD503CF00B7346F /* PBXContainerItemProxy */ = {
			isa = PBXContainerItemProxy;
			containerPortal = 6316B5512AD503CD00B7346F /* Project object */;
			proxyType = 1;
			remoteGlobalIDString = 6316B5582AD503CD00B7346F;
			remoteInfo = hub_project;
		};
		6316B57A2AD503CF00B7346F /* PBXContainerItemProxy */ = {
			isa = PBXContainerItemProxy;
			containerPortal = 6316B5512AD503CD00B7346F /* Project object */;
			proxyType = 1;
			remoteGlobalIDString = 6316B5582AD503CD00B7346F;
			remoteInfo = hub_project;
		};
/* End PBXContainerItemProxy section */

/* Begin PBXFileReference section */
		3882DE2D83562129E0285504 /* Pods-hub_project.release.xcconfig */ = {isa = PBXFileReference; includeInIndex = 1; lastKnownFileType = text.xcconfig; name = "Pods-hub_project.release.xcconfig"; path = "Target Support Files/Pods-hub_project/Pods-hub_project.release.xcconfig"; sourceTree = "<group>"; };
		6316B5592AD503CD00B7346F /* hub_project.app */ = {isa = PBXFileReference; explicitFileType = wrapper.application; includeInIndex = 0; path = hub_project.app; sourceTree = BUILT_PRODUCTS_DIR; };
		6316B55C2AD503CD00B7346F /* AppDelegate.swift */ = {isa = PBXFileReference; lastKnownFileType = sourcecode.swift; path = AppDelegate.swift; sourceTree = "<group>"; };
		6316B55E2AD503CD00B7346F /* SceneDelegate.swift */ = {isa = PBXFileReference; lastKnownFileType = sourcecode.swift; path = SceneDelegate.swift; sourceTree = "<group>"; };
		6316B5602AD503CD00B7346F /* ViewController.swift */ = {isa = PBXFileReference; lastKnownFileType = sourcecode.swift; path = ViewController.swift; sourceTree = "<group>"; };
		6316B5632AD503CD00B7346F /* Base */ = {isa = PBXFileReference; lastKnownFileType = file.storyboard; name = Base; path = Base.lproj/Main.storyboard; sourceTree = "<group>"; };
		6316B5652AD503CF00B7346F /* Assets.xcassets */ = {isa = PBXFileReference; lastKnownFileType = folder.assetcatalog; path = Assets.xcassets; sourceTree = "<group>"; };
		6316B5682AD503CF00B7346F /* Base */ = {isa = PBXFileReference; lastKnownFileType = file.storyboard; name = Base; path = Base.lproj/LaunchScreen.storyboard; sourceTree = "<group>"; };
		6316B56A2AD503CF00B7346F /* Info.plist */ = {isa = PBXFileReference; lastKnownFileType = text.plist.xml; path = Info.plist; sourceTree = "<group>"; };
		6316B56F2AD503CF00B7346F /* hub_projectTests.xctest */ = {isa = PBXFileReference; explicitFileType = wrapper.cfbundle; includeInIndex = 0; path = hub_projectTests.xctest; sourceTree = BUILT_PRODUCTS_DIR; };
		6316B5792AD503CF00B7346F /* hub_projectUITests.xctest */ = {isa = PBXFileReference; explicitFileType = wrapper.cfbundle; includeInIndex = 0; path = hub_projectUITests.xctest; sourceTree = BUILT_PRODUCTS_DIR; };
		6316B58E2AD504C400B7346F /* FristViewController.swift */ = {isa = PBXFileReference; lastKnownFileType = sourcecode.swift; path = FristViewController.swift; sourceTree = "<group>"; };
		6316B5902AD504E600B7346F /* SecondViewController.swift */ = {isa = PBXFileReference; lastKnownFileType = sourcecode.swift; path = SecondViewController.swift; sourceTree = "<group>"; };
		6316B5922AD5052D00B7346F /* ThirdViewController.swift */ = {isa = PBXFileReference; lastKnownFileType = sourcecode.swift; path = ThirdViewController.swift; sourceTree = "<group>"; };
		6316B5942AD5054000B7346F /* FourthViewController.swift */ = {isa = PBXFileReference; lastKnownFileType = sourcecode.swift; path = FourthViewController.swift; sourceTree = "<group>"; };
		6316B5972AD5056600B7346F /* MakeIDViewController.swift */ = {isa = PBXFileReference; lastKnownFileType = sourcecode.swift; path = MakeIDViewController.swift; sourceTree = "<group>"; };
		6316B5992AD5057600B7346F /* FindIDViewController.swift */ = {isa = PBXFileReference; lastKnownFileType = sourcecode.swift; path = FindIDViewController.swift; sourceTree = "<group>"; };
		6316B59D2AD505BA00B7346F /* FindPWViewController.swift */ = {isa = PBXFileReference; lastKnownFileType = sourcecode.swift; path = FindPWViewController.swift; sourceTree = "<group>"; };
		6316B5A02AD5097700B7346F /* BannerViewController.swift */ = {isa = PBXFileReference; lastKnownFileType = sourcecode.swift; path = BannerViewController.swift; sourceTree = "<group>"; };
		6316B5A22AD509AE00B7346F /* FristInformationViewController.swift */ = {isa = PBXFileReference; lastKnownFileType = sourcecode.swift; path = FristInformationViewController.swift; sourceTree = "<group>"; };
		6316B5A42AD509B900B7346F /* SecondInformationViewController.swift */ = {isa = PBXFileReference; lastKnownFileType = sourcecode.swift; path = SecondInformationViewController.swift; sourceTree = "<group>"; };
		6316B5A62AD509C200B7346F /* ThirdInformationViewController.swift */ = {isa = PBXFileReference; lastKnownFileType = sourcecode.swift; path = ThirdInformationViewController.swift; sourceTree = "<group>"; };
		6316B5A82AD509CA00B7346F /* FourthInformationViewController.swift */ = {isa = PBXFileReference; lastKnownFileType = sourcecode.swift; path = FourthInformationViewController.swift; sourceTree = "<group>"; };
		6316B5AB2AD50A5E00B7346F /* SoonInformationViewController.swift */ = {isa = PBXFileReference; lastKnownFileType = sourcecode.swift; path = SoonInformationViewController.swift; sourceTree = "<group>"; };
		6316B5AD2AD50A6A00B7346F /* SoonInformationDetailViewController.swift */ = {isa = PBXFileReference; lastKnownFileType = sourcecode.swift; path = SoonInformationDetailViewController.swift; sourceTree = "<group>"; };
		6316B5AF2AD50A7300B7346F /* SoonInformation.swift */ = {isa = PBXFileReference; lastKnownFileType = sourcecode.swift; path = SoonInformation.swift; sourceTree = "<group>"; };
		634FBF952ADFA2B400D301F1 /* SoonattendaceViewController.swift */ = {isa = PBXFileReference; lastKnownFileType = sourcecode.swift; path = SoonattendaceViewController.swift; sourceTree = "<group>"; };
		634FBF972ADFB55300D301F1 /* SoonRealInformation.swift */ = {isa = PBXFileReference; lastKnownFileType = sourcecode.swift; path = SoonRealInformation.swift; sourceTree = "<group>"; };
		63C1E7CC2AE0E81200D4A9DD /* SoonAttendanceDetailView.swift */ = {isa = PBXFileReference; lastKnownFileType = sourcecode.swift; path = SoonAttendanceDetailView.swift; sourceTree = "<group>"; };
		9D555008455D82C088E047F2 /* Pods_hub_project.framework */ = {isa = PBXFileReference; explicitFileType = wrapper.framework; includeInIndex = 0; path = Pods_hub_project.framework; sourceTree = BUILT_PRODUCTS_DIR; };
		FBAFF468094FF273B78E0C27 /* Pods-hub_project.debug.xcconfig */ = {isa = PBXFileReference; includeInIndex = 1; lastKnownFileType = text.xcconfig; name = "Pods-hub_project.debug.xcconfig"; path = "Target Support Files/Pods-hub_project/Pods-hub_project.debug.xcconfig"; sourceTree = "<group>"; };
/* End PBXFileReference section */

/* Begin PBXFrameworksBuildPhase section */
		6316B5562AD503CD00B7346F /* Frameworks */ = {
			isa = PBXFrameworksBuildPhase;
			buildActionMask = 2147483647;
			files = (
				AD29FA43F736DEEAC82C8F23 /* Pods_hub_project.framework in Frameworks */,
			);
			runOnlyForDeploymentPostprocessing = 0;
		};
		6316B56C2AD503CF00B7346F /* Frameworks */ = {
			isa = PBXFrameworksBuildPhase;
			buildActionMask = 2147483647;
			files = (
			);
			runOnlyForDeploymentPostprocessing = 0;
		};
		6316B5762AD503CF00B7346F /* Frameworks */ = {
			isa = PBXFrameworksBuildPhase;
			buildActionMask = 2147483647;
			files = (
			);
			runOnlyForDeploymentPostprocessing = 0;
		};
/* End PBXFrameworksBuildPhase section */

/* Begin PBXGroup section */
		0492DF9054D749C4CFAC9E8C /* Frameworks */ = {
			isa = PBXGroup;
			children = (
				9D555008455D82C088E047F2 /* Pods_hub_project.framework */,
			);
			name = Frameworks;
			sourceTree = "<group>";
		};
		0656C59767539400D665D3AF /* Pods */ = {
			isa = PBXGroup;
			children = (
				FBAFF468094FF273B78E0C27 /* Pods-hub_project.debug.xcconfig */,
				3882DE2D83562129E0285504 /* Pods-hub_project.release.xcconfig */,
			);
			path = Pods;
			sourceTree = "<group>";
		};
		6316B5502AD503CD00B7346F = {
			isa = PBXGroup;
			children = (
				6316B55B2AD503CD00B7346F /* hub_project */,
				6316B55A2AD503CD00B7346F /* Products */,
				0656C59767539400D665D3AF /* Pods */,
				0492DF9054D749C4CFAC9E8C /* Frameworks */,
			);
			sourceTree = "<group>";
		};
		6316B55A2AD503CD00B7346F /* Products */ = {
			isa = PBXGroup;
			children = (
				6316B5592AD503CD00B7346F /* hub_project.app */,
				6316B56F2AD503CF00B7346F /* hub_projectTests.xctest */,
				6316B5792AD503CF00B7346F /* hub_projectUITests.xctest */,
			);
			name = Products;
			sourceTree = "<group>";
		};
		6316B55B2AD503CD00B7346F /* hub_project */ = {
			isa = PBXGroup;
			children = (
				6316B59F2AD5095700B7346F /* FirstViewSub */,
				6316B5AA2AD50A2F00B7346F /* SecondViewSub */,
				6316B5962AD5055100B7346F /* Login */,
				6316B58D2AD5049600B7346F /* MainView */,
				6316B55C2AD503CD00B7346F /* AppDelegate.swift */,
				6316B55E2AD503CD00B7346F /* SceneDelegate.swift */,
				6316B5602AD503CD00B7346F /* ViewController.swift */,
				6316B5622AD503CD00B7346F /* Main.storyboard */,
				6316B5652AD503CF00B7346F /* Assets.xcassets */,
				6316B5672AD503CF00B7346F /* LaunchScreen.storyboard */,
				6316B56A2AD503CF00B7346F /* Info.plist */,
			);
			path = hub_project;
			sourceTree = "<group>";
		};
		6316B58D2AD5049600B7346F /* MainView */ = {
			isa = PBXGroup;
			children = (
				6316B58E2AD504C400B7346F /* FristViewController.swift */,
				6316B5902AD504E600B7346F /* SecondViewController.swift */,
				6316B5922AD5052D00B7346F /* ThirdViewController.swift */,
				6316B5942AD5054000B7346F /* FourthViewController.swift */,
			);
			path = MainView;
			sourceTree = "<group>";
		};
		6316B5962AD5055100B7346F /* Login */ = {
			isa = PBXGroup;
			children = (
				6316B5972AD5056600B7346F /* MakeIDViewController.swift */,
				6316B5992AD5057600B7346F /* FindIDViewController.swift */,
				6316B59D2AD505BA00B7346F /* FindPWViewController.swift */,
			);
			path = Login;
			sourceTree = "<group>";
		};
		6316B59F2AD5095700B7346F /* FirstViewSub */ = {
			isa = PBXGroup;
			children = (
				6316B5A02AD5097700B7346F /* BannerViewController.swift */,
				6316B5A22AD509AE00B7346F /* FristInformationViewController.swift */,
				6316B5A42AD509B900B7346F /* SecondInformationViewController.swift */,
				6316B5A62AD509C200B7346F /* ThirdInformationViewController.swift */,
				6316B5A82AD509CA00B7346F /* FourthInformationViewController.swift */,
			);
			path = FirstViewSub;
			sourceTree = "<group>";
		};
		6316B5AA2AD50A2F00B7346F /* SecondViewSub */ = {
			isa = PBXGroup;
			children = (
				6316B5AB2AD50A5E00B7346F /* SoonInformationViewController.swift */,
				6316B5AF2AD50A7300B7346F /* SoonInformation.swift */,
				6316B5AD2AD50A6A00B7346F /* SoonInformationDetailViewController.swift */,
				634FBF972ADFB55300D301F1 /* SoonRealInformation.swift */,
				634FBF952ADFA2B400D301F1 /* SoonattendaceViewController.swift */,
				63C1E7CC2AE0E81200D4A9DD /* SoonAttendanceDetailView.swift */,
			);
			path = SecondViewSub;
			sourceTree = "<group>";
		};
/* End PBXGroup section */

/* Begin PBXNativeTarget section */
		6316B5582AD503CD00B7346F /* hub_project */ = {
			isa = PBXNativeTarget;
			buildConfigurationList = 6316B5832AD503CF00B7346F /* Build configuration list for PBXNativeTarget "hub_project" */;
			buildPhases = (
				EB468FED9CC7229A63F88273 /* [CP] Check Pods Manifest.lock */,
				6316B5552AD503CD00B7346F /* Sources */,
				6316B5562AD503CD00B7346F /* Frameworks */,
				6316B5572AD503CD00B7346F /* Resources */,
				6E0D58B2211D27D9F7C64577 /* [CP] Embed Pods Frameworks */,
			);
			buildRules = (
			);
			dependencies = (
			);
			name = hub_project;
			productName = hub_project;
			productReference = 6316B5592AD503CD00B7346F /* hub_project.app */;
			productType = "com.apple.product-type.application";
		};
		6316B56E2AD503CF00B7346F /* hub_projectTests */ = {
			isa = PBXNativeTarget;
			buildConfigurationList = 6316B5862AD503CF00B7346F /* Build configuration list for PBXNativeTarget "hub_projectTests" */;
			buildPhases = (
				6316B56B2AD503CF00B7346F /* Sources */,
				6316B56C2AD503CF00B7346F /* Frameworks */,
				6316B56D2AD503CF00B7346F /* Resources */,
			);
			buildRules = (
			);
			dependencies = (
				6316B5712AD503CF00B7346F /* PBXTargetDependency */,
			);
			name = hub_projectTests;
			productName = hub_projectTests;
			productReference = 6316B56F2AD503CF00B7346F /* hub_projectTests.xctest */;
			productType = "com.apple.product-type.bundle.unit-test";
		};
		6316B5782AD503CF00B7346F /* hub_projectUITests */ = {
			isa = PBXNativeTarget;
			buildConfigurationList = 6316B5892AD503CF00B7346F /* Build configuration list for PBXNativeTarget "hub_projectUITests" */;
			buildPhases = (
				6316B5752AD503CF00B7346F /* Sources */,
				6316B5762AD503CF00B7346F /* Frameworks */,
				6316B5772AD503CF00B7346F /* Resources */,
			);
			buildRules = (
			);
			dependencies = (
				6316B57B2AD503CF00B7346F /* PBXTargetDependency */,
			);
			name = hub_projectUITests;
			productName = hub_projectUITests;
			productReference = 6316B5792AD503CF00B7346F /* hub_projectUITests.xctest */;
			productType = "com.apple.product-type.bundle.ui-testing";
		};
/* End PBXNativeTarget section */

/* Begin PBXProject section */
		6316B5512AD503CD00B7346F /* Project object */ = {
			isa = PBXProject;
			attributes = {
				BuildIndependentTargetsInParallel = 1;
				LastSwiftUpdateCheck = 1400;
				LastUpgradeCheck = 1400;
				TargetAttributes = {
					6316B5582AD503CD00B7346F = {
						CreatedOnToolsVersion = 14.0;
					};
					6316B56E2AD503CF00B7346F = {
						CreatedOnToolsVersion = 14.0;
						TestTargetID = 6316B5582AD503CD00B7346F;
					};
					6316B5782AD503CF00B7346F = {
						CreatedOnToolsVersion = 14.0;
						TestTargetID = 6316B5582AD503CD00B7346F;
					};
				};
			};
			buildConfigurationList = 6316B5542AD503CD00B7346F /* Build configuration list for PBXProject "hub_project" */;
			compatibilityVersion = "Xcode 14.0";
			developmentRegion = en;
			hasScannedForEncodings = 0;
			knownRegions = (
				en,
				Base,
			);
			mainGroup = 6316B5502AD503CD00B7346F;
			productRefGroup = 6316B55A2AD503CD00B7346F /* Products */;
			projectDirPath = "";
			projectRoot = "";
			targets = (
				6316B5582AD503CD00B7346F /* hub_project */,
				6316B56E2AD503CF00B7346F /* hub_projectTests */,
				6316B5782AD503CF00B7346F /* hub_projectUITests */,
			);
		};
/* End PBXProject section */

/* Begin PBXResourcesBuildPhase section */
		6316B5572AD503CD00B7346F /* Resources */ = {
			isa = PBXResourcesBuildPhase;
			buildActionMask = 2147483647;
			files = (
				6316B5692AD503CF00B7346F /* LaunchScreen.storyboard in Resources */,
				6316B5662AD503CF00B7346F /* Assets.xcassets in Resources */,
				6316B5642AD503CD00B7346F /* Main.storyboard in Resources */,
			);
			runOnlyForDeploymentPostprocessing = 0;
		};
		6316B56D2AD503CF00B7346F /* Resources */ = {
			isa = PBXResourcesBuildPhase;
			buildActionMask = 2147483647;
			files = (
			);
			runOnlyForDeploymentPostprocessing = 0;
		};
		6316B5772AD503CF00B7346F /* Resources */ = {
			isa = PBXResourcesBuildPhase;
			buildActionMask = 2147483647;
			files = (
			);
			runOnlyForDeploymentPostprocessing = 0;
		};
/* End PBXResourcesBuildPhase section */

/* Begin PBXShellScriptBuildPhase section */
		6E0D58B2211D27D9F7C64577 /* [CP] Embed Pods Frameworks */ = {
			isa = PBXShellScriptBuildPhase;
			buildActionMask = 2147483647;
			files = (
			);
			inputFileListPaths = (
				"${PODS_ROOT}/Target Support Files/Pods-hub_project/Pods-hub_project-frameworks-${CONFIGURATION}-input-files.xcfilelist",
			);
			name = "[CP] Embed Pods Frameworks";
			outputFileListPaths = (
				"${PODS_ROOT}/Target Support Files/Pods-hub_project/Pods-hub_project-frameworks-${CONFIGURATION}-output-files.xcfilelist",
			);
			runOnlyForDeploymentPostprocessing = 0;
			shellPath = /bin/sh;
			shellScript = "\"${PODS_ROOT}/Target Support Files/Pods-hub_project/Pods-hub_project-frameworks.sh\"\n";
			showEnvVarsInLog = 0;
		};
		EB468FED9CC7229A63F88273 /* [CP] Check Pods Manifest.lock */ = {
			isa = PBXShellScriptBuildPhase;
			buildActionMask = 2147483647;
			files = (
			);
			inputFileListPaths = (
			);
			inputPaths = (
				"${PODS_PODFILE_DIR_PATH}/Podfile.lock",
				"${PODS_ROOT}/Manifest.lock",
			);
			name = "[CP] Check Pods Manifest.lock";
			outputFileListPaths = (
			);
			outputPaths = (
				"$(DERIVED_FILE_DIR)/Pods-hub_project-checkManifestLockResult.txt",
			);
			runOnlyForDeploymentPostprocessing = 0;
			shellPath = /bin/sh;
			shellScript = "diff \"${PODS_PODFILE_DIR_PATH}/Podfile.lock\" \"${PODS_ROOT}/Manifest.lock\" > /dev/null\nif [ $? != 0 ] ; then\n    # print error to STDERR\n    echo \"error: The sandbox is not in sync with the Podfile.lock. Run 'pod install' or update your CocoaPods installation.\" >&2\n    exit 1\nfi\n# This output is used by Xcode 'outputs' to avoid re-running this script phase.\necho \"SUCCESS\" > \"${SCRIPT_OUTPUT_FILE_0}\"\n";
			showEnvVarsInLog = 0;
		};
/* End PBXShellScriptBuildPhase section */

/* Begin PBXSourcesBuildPhase section */
		6316B5552AD503CD00B7346F /* Sources */ = {
			isa = PBXSourcesBuildPhase;
			buildActionMask = 2147483647;
			files = (
				6316B59A2AD5057600B7346F /* FindIDViewController.swift in Sources */,
				6316B5612AD503CD00B7346F /* ViewController.swift in Sources */,
				6316B5AC2AD50A5E00B7346F /* SoonInformationViewController.swift in Sources */,
				6316B5A92AD509CA00B7346F /* FourthInformationViewController.swift in Sources */,
				6316B5AE2AD50A6A00B7346F /* SoonInformationDetailViewController.swift in Sources */,
				6316B5B02AD50A7300B7346F /* SoonInformation.swift in Sources */,
				6316B55D2AD503CD00B7346F /* AppDelegate.swift in Sources */,
				6316B5A52AD509B900B7346F /* SecondInformationViewController.swift in Sources */,
				6316B55F2AD503CD00B7346F /* SceneDelegate.swift in Sources */,
				6316B5A72AD509C200B7346F /* ThirdInformationViewController.swift in Sources */,
				63C1E7CD2AE0E81200D4A9DD /* SoonAttendanceDetailView.swift in Sources */,
				6316B5A32AD509AE00B7346F /* FristInformationViewController.swift in Sources */,
				6316B5952AD5054000B7346F /* FourthViewController.swift in Sources */,
				6316B5912AD504E600B7346F /* SecondViewController.swift in Sources */,
				6316B5A12AD5097700B7346F /* BannerViewController.swift in Sources */,
				6316B5932AD5052D00B7346F /* ThirdViewController.swift in Sources */,
				6316B58F2AD504C400B7346F /* FristViewController.swift in Sources */,
				6316B59E2AD505BA00B7346F /* FindPWViewController.swift in Sources */,
				634FBF982ADFB55300D301F1 /* SoonRealInformation.swift in Sources */,
				6316B5982AD5056600B7346F /* MakeIDViewController.swift in Sources */,
				634FBF962ADFA2B400D301F1 /* SoonattendaceViewController.swift in Sources */,
			);
			runOnlyForDeploymentPostprocessing = 0;
		};
		6316B56B2AD503CF00B7346F /* Sources */ = {
			isa = PBXSourcesBuildPhase;
			buildActionMask = 2147483647;
			files = (
			);
			runOnlyForDeploymentPostprocessing = 0;
		};
		6316B5752AD503CF00B7346F /* Sources */ = {
			isa = PBXSourcesBuildPhase;
			buildActionMask = 2147483647;
			files = (
			);
			runOnlyForDeploymentPostprocessing = 0;
		};
/* End PBXSourcesBuildPhase section */

/* Begin PBXTargetDependency section */
		6316B5712AD503CF00B7346F /* PBXTargetDependency */ = {
			isa = PBXTargetDependency;
			target = 6316B5582AD503CD00B7346F /* hub_project */;
			targetProxy = 6316B5702AD503CF00B7346F /* PBXContainerItemProxy */;
		};
		6316B57B2AD503CF00B7346F /* PBXTargetDependency */ = {
			isa = PBXTargetDependency;
			target = 6316B5582AD503CD00B7346F /* hub_project */;
			targetProxy = 6316B57A2AD503CF00B7346F /* PBXContainerItemProxy */;
		};
/* End PBXTargetDependency section */

/* Begin PBXVariantGroup section */
		6316B5622AD503CD00B7346F /* Main.storyboard */ = {
			isa = PBXVariantGroup;
			children = (
				6316B5632AD503CD00B7346F /* Base */,
			);
			name = Main.storyboard;
			sourceTree = "<group>";
		};
		6316B5672AD503CF00B7346F /* LaunchScreen.storyboard */ = {
			isa = PBXVariantGroup;
			children = (
				6316B5682AD503CF00B7346F /* Base */,
			);
			name = LaunchScreen.storyboard;
			sourceTree = "<group>";
		};
/* End PBXVariantGroup section */

/* Begin XCBuildConfiguration section */
		6316B5812AD503CF00B7346F /* Debug */ = {
			isa = XCBuildConfiguration;
			buildSettings = {
				ALWAYS_SEARCH_USER_PATHS = NO;
				CLANG_ANALYZER_NONNULL = YES;
				CLANG_ANALYZER_NUMBER_OBJECT_CONVERSION = YES_AGGRESSIVE;
				CLANG_CXX_LANGUAGE_STANDARD = "gnu++20";
				CLANG_ENABLE_MODULES = YES;
				CLANG_ENABLE_OBJC_ARC = YES;
				CLANG_ENABLE_OBJC_WEAK = YES;
				CLANG_WARN_BLOCK_CAPTURE_AUTORELEASING = YES;
				CLANG_WARN_BOOL_CONVERSION = YES;
				CLANG_WARN_COMMA = YES;
				CLANG_WARN_CONSTANT_CONVERSION = YES;
				CLANG_WARN_DEPRECATED_OBJC_IMPLEMENTATIONS = YES;
				CLANG_WARN_DIRECT_OBJC_ISA_USAGE = YES_ERROR;
				CLANG_WARN_DOCUMENTATION_COMMENTS = YES;
				CLANG_WARN_EMPTY_BODY = YES;
				CLANG_WARN_ENUM_CONVERSION = YES;
				CLANG_WARN_INFINITE_RECURSION = YES;
				CLANG_WARN_INT_CONVERSION = YES;
				CLANG_WARN_NON_LITERAL_NULL_CONVERSION = YES;
				CLANG_WARN_OBJC_IMPLICIT_RETAIN_SELF = YES;
				CLANG_WARN_OBJC_LITERAL_CONVERSION = YES;
				CLANG_WARN_OBJC_ROOT_CLASS = YES_ERROR;
				CLANG_WARN_QUOTED_INCLUDE_IN_FRAMEWORK_HEADER = YES;
				CLANG_WARN_RANGE_LOOP_ANALYSIS = YES;
				CLANG_WARN_STRICT_PROTOTYPES = YES;
				CLANG_WARN_SUSPICIOUS_MOVE = YES;
				CLANG_WARN_UNGUARDED_AVAILABILITY = YES_AGGRESSIVE;
				CLANG_WARN_UNREACHABLE_CODE = YES;
				CLANG_WARN__DUPLICATE_METHOD_MATCH = YES;
				COPY_PHASE_STRIP = NO;
				DEBUG_INFORMATION_FORMAT = dwarf;
				ENABLE_STRICT_OBJC_MSGSEND = YES;
				ENABLE_TESTABILITY = YES;
				GCC_C_LANGUAGE_STANDARD = gnu11;
				GCC_DYNAMIC_NO_PIC = NO;
				GCC_NO_COMMON_BLOCKS = YES;
				GCC_OPTIMIZATION_LEVEL = 0;
				GCC_PREPROCESSOR_DEFINITIONS = (
					"DEBUG=1",
					"$(inherited)",
				);
				GCC_WARN_64_TO_32_BIT_CONVERSION = YES;
				GCC_WARN_ABOUT_RETURN_TYPE = YES_ERROR;
				GCC_WARN_UNDECLARED_SELECTOR = YES;
				GCC_WARN_UNINITIALIZED_AUTOS = YES_AGGRESSIVE;
				GCC_WARN_UNUSED_FUNCTION = YES;
				GCC_WARN_UNUSED_VARIABLE = YES;
				IPHONEOS_DEPLOYMENT_TARGET = 16.0;
				MTL_ENABLE_DEBUG_INFO = INCLUDE_SOURCE;
				MTL_FAST_MATH = YES;
				ONLY_ACTIVE_ARCH = YES;
				SDKROOT = iphoneos;
				SWIFT_ACTIVE_COMPILATION_CONDITIONS = DEBUG;
				SWIFT_OPTIMIZATION_LEVEL = "-Onone";
			};
			name = Debug;
		};
		6316B5822AD503CF00B7346F /* Release */ = {
			isa = XCBuildConfiguration;
			buildSettings = {
				ALWAYS_SEARCH_USER_PATHS = NO;
				CLANG_ANALYZER_NONNULL = YES;
				CLANG_ANALYZER_NUMBER_OBJECT_CONVERSION = YES_AGGRESSIVE;
				CLANG_CXX_LANGUAGE_STANDARD = "gnu++20";
				CLANG_ENABLE_MODULES = YES;
				CLANG_ENABLE_OBJC_ARC = YES;
				CLANG_ENABLE_OBJC_WEAK = YES;
				CLANG_WARN_BLOCK_CAPTURE_AUTORELEASING = YES;
				CLANG_WARN_BOOL_CONVERSION = YES;
				CLANG_WARN_COMMA = YES;
				CLANG_WARN_CONSTANT_CONVERSION = YES;
				CLANG_WARN_DEPRECATED_OBJC_IMPLEMENTATIONS = YES;
				CLANG_WARN_DIRECT_OBJC_ISA_USAGE = YES_ERROR;
				CLANG_WARN_DOCUMENTATION_COMMENTS = YES;
				CLANG_WARN_EMPTY_BODY = YES;
				CLANG_WARN_ENUM_CONVERSION = YES;
				CLANG_WARN_INFINITE_RECURSION = YES;
				CLANG_WARN_INT_CONVERSION = YES;
				CLANG_WARN_NON_LITERAL_NULL_CONVERSION = YES;
				CLANG_WARN_OBJC_IMPLICIT_RETAIN_SELF = YES;
				CLANG_WARN_OBJC_LITERAL_CONVERSION = YES;
				CLANG_WARN_OBJC_ROOT_CLASS = YES_ERROR;
				CLANG_WARN_QUOTED_INCLUDE_IN_FRAMEWORK_HEADER = YES;
				CLANG_WARN_RANGE_LOOP_ANALYSIS = YES;
				CLANG_WARN_STRICT_PROTOTYPES = YES;
				CLANG_WARN_SUSPICIOUS_MOVE = YES;
				CLANG_WARN_UNGUARDED_AVAILABILITY = YES_AGGRESSIVE;
				CLANG_WARN_UNREACHABLE_CODE = YES;
				CLANG_WARN__DUPLICATE_METHOD_MATCH = YES;
				COPY_PHASE_STRIP = NO;
				DEBUG_INFORMATION_FORMAT = "dwarf-with-dsym";
				ENABLE_NS_ASSERTIONS = NO;
				ENABLE_STRICT_OBJC_MSGSEND = YES;
				GCC_C_LANGUAGE_STANDARD = gnu11;
				GCC_NO_COMMON_BLOCKS = YES;
				GCC_WARN_64_TO_32_BIT_CONVERSION = YES;
				GCC_WARN_ABOUT_RETURN_TYPE = YES_ERROR;
				GCC_WARN_UNDECLARED_SELECTOR = YES;
				GCC_WARN_UNINITIALIZED_AUTOS = YES_AGGRESSIVE;
				GCC_WARN_UNUSED_FUNCTION = YES;
				GCC_WARN_UNUSED_VARIABLE = YES;
				IPHONEOS_DEPLOYMENT_TARGET = 16.0;
				MTL_ENABLE_DEBUG_INFO = NO;
				MTL_FAST_MATH = YES;
				SDKROOT = iphoneos;
				SWIFT_COMPILATION_MODE = wholemodule;
				SWIFT_OPTIMIZATION_LEVEL = "-O";
				VALIDATE_PRODUCT = YES;
			};
			name = Release;
		};
		6316B5842AD503CF00B7346F /* Debug */ = {
			isa = XCBuildConfiguration;
			baseConfigurationReference = FBAFF468094FF273B78E0C27 /* Pods-hub_project.debug.xcconfig */;
			buildSettings = {
				ASSETCATALOG_COMPILER_APPICON_NAME = AppIcon;
				ASSETCATALOG_COMPILER_GLOBAL_ACCENT_COLOR_NAME = AccentColor;
				CODE_SIGN_STYLE = Automatic;
				CURRENT_PROJECT_VERSION = 1;
				DEVELOPMENT_TEAM = 93NXXZQQ69;
				GENERATE_INFOPLIST_FILE = YES;
				INFOPLIST_FILE = hub_project/Info.plist;
				INFOPLIST_KEY_UIApplicationSupportsIndirectInputEvents = YES;
				INFOPLIST_KEY_UILaunchStoryboardName = LaunchScreen;
				INFOPLIST_KEY_UIMainStoryboardFile = Main;
				INFOPLIST_KEY_UISupportedInterfaceOrientations_iPad = "UIInterfaceOrientationPortrait UIInterfaceOrientationPortraitUpsideDown UIInterfaceOrientationLandscapeLeft UIInterfaceOrientationLandscapeRight";
				INFOPLIST_KEY_UISupportedInterfaceOrientations_iPhone = "UIInterfaceOrientationPortrait UIInterfaceOrientationLandscapeLeft UIInterfaceOrientationLandscapeRight";
				LD_RUNPATH_SEARCH_PATHS = (
					"$(inherited)",
					"@executable_path/Frameworks",
				);
				MARKETING_VERSION = 1.0;
				PRODUCT_BUNDLE_IDENTIFIER = "main.hub-project";
				PRODUCT_NAME = "$(TARGET_NAME)";
				SWIFT_EMIT_LOC_STRINGS = YES;
				SWIFT_VERSION = 5.0;
				TARGETED_DEVICE_FAMILY = "1,2";
			};
			name = Debug;
		};
		6316B5852AD503CF00B7346F /* Release */ = {
			isa = XCBuildConfiguration;
			baseConfigurationReference = 3882DE2D83562129E0285504 /* Pods-hub_project.release.xcconfig */;
			buildSettings = {
				ASSETCATALOG_COMPILER_APPICON_NAME = AppIcon;
				ASSETCATALOG_COMPILER_GLOBAL_ACCENT_COLOR_NAME = AccentColor;
				CODE_SIGN_STYLE = Automatic;
				CURRENT_PROJECT_VERSION = 1;
				DEVELOPMENT_TEAM = 93NXXZQQ69;
				GENERATE_INFOPLIST_FILE = YES;
				INFOPLIST_FILE = hub_project/Info.plist;
				INFOPLIST_KEY_UIApplicationSupportsIndirectInputEvents = YES;
				INFOPLIST_KEY_UILaunchStoryboardName = LaunchScreen;
				INFOPLIST_KEY_UIMainStoryboardFile = Main;
				INFOPLIST_KEY_UISupportedInterfaceOrientations_iPad = "UIInterfaceOrientationPortrait UIInterfaceOrientationPortraitUpsideDown UIInterfaceOrientationLandscapeLeft UIInterfaceOrientationLandscapeRight";
				INFOPLIST_KEY_UISupportedInterfaceOrientations_iPhone = "UIInterfaceOrientationPortrait UIInterfaceOrientationLandscapeLeft UIInterfaceOrientationLandscapeRight";
				LD_RUNPATH_SEARCH_PATHS = (
					"$(inherited)",
					"@executable_path/Frameworks",
				);
				MARKETING_VERSION = 1.0;
				PRODUCT_BUNDLE_IDENTIFIER = "main.hub-project";
				PRODUCT_NAME = "$(TARGET_NAME)";
				SWIFT_EMIT_LOC_STRINGS = YES;
				SWIFT_VERSION = 5.0;
				TARGETED_DEVICE_FAMILY = "1,2";
			};
			name = Release;
		};
		6316B5872AD503CF00B7346F /* Debug */ = {
			isa = XCBuildConfiguration;
			buildSettings = {
				ALWAYS_EMBED_SWIFT_STANDARD_LIBRARIES = YES;
				BUNDLE_LOADER = "$(TEST_HOST)";
				CODE_SIGN_STYLE = Automatic;
				CURRENT_PROJECT_VERSION = 1;
				GENERATE_INFOPLIST_FILE = YES;
				IPHONEOS_DEPLOYMENT_TARGET = 16.0;
				MARKETING_VERSION = 1.0;
				PRODUCT_BUNDLE_IDENTIFIER = "main.hub-projectTests";
				PRODUCT_NAME = "$(TARGET_NAME)";
				SWIFT_EMIT_LOC_STRINGS = NO;
				SWIFT_VERSION = 5.0;
				TARGETED_DEVICE_FAMILY = "1,2";
				TEST_HOST = "$(BUILT_PRODUCTS_DIR)/hub_project.app/$(BUNDLE_EXECUTABLE_FOLDER_PATH)/hub_project";
			};
			name = Debug;
		};
		6316B5882AD503CF00B7346F /* Release */ = {
			isa = XCBuildConfiguration;
			buildSettings = {
				ALWAYS_EMBED_SWIFT_STANDARD_LIBRARIES = YES;
				BUNDLE_LOADER = "$(TEST_HOST)";
				CODE_SIGN_STYLE = Automatic;
				CURRENT_PROJECT_VERSION = 1;
				GENERATE_INFOPLIST_FILE = YES;
				IPHONEOS_DEPLOYMENT_TARGET = 16.0;
				MARKETING_VERSION = 1.0;
				PRODUCT_BUNDLE_IDENTIFIER = "main.hub-projectTests";
				PRODUCT_NAME = "$(TARGET_NAME)";
				SWIFT_EMIT_LOC_STRINGS = NO;
				SWIFT_VERSION = 5.0;
				TARGETED_DEVICE_FAMILY = "1,2";
				TEST_HOST = "$(BUILT_PRODUCTS_DIR)/hub_project.app/$(BUNDLE_EXECUTABLE_FOLDER_PATH)/hub_project";
			};
			name = Release;
		};
		6316B58A2AD503CF00B7346F /* Debug */ = {
			isa = XCBuildConfiguration;
			buildSettings = {
				ALWAYS_EMBED_SWIFT_STANDARD_LIBRARIES = YES;
				CODE_SIGN_STYLE = Automatic;
				CURRENT_PROJECT_VERSION = 1;
				GENERATE_INFOPLIST_FILE = YES;
				MARKETING_VERSION = 1.0;
				PRODUCT_BUNDLE_IDENTIFIER = "main.hub-projectUITests";
				PRODUCT_NAME = "$(TARGET_NAME)";
				SWIFT_EMIT_LOC_STRINGS = NO;
				SWIFT_VERSION = 5.0;
				TARGETED_DEVICE_FAMILY = "1,2";
				TEST_TARGET_NAME = hub_project;
			};
			name = Debug;
		};
		6316B58B2AD503CF00B7346F /* Release */ = {
			isa = XCBuildConfiguration;
			buildSettings = {
				ALWAYS_EMBED_SWIFT_STANDARD_LIBRARIES = YES;
				CODE_SIGN_STYLE = Automatic;
				CURRENT_PROJECT_VERSION = 1;
				GENERATE_INFOPLIST_FILE = YES;
				MARKETING_VERSION = 1.0;
				PRODUCT_BUNDLE_IDENTIFIER = "main.hub-projectUITests";
				PRODUCT_NAME = "$(TARGET_NAME)";
				SWIFT_EMIT_LOC_STRINGS = NO;
				SWIFT_VERSION = 5.0;
				TARGETED_DEVICE_FAMILY = "1,2";
				TEST_TARGET_NAME = hub_project;
			};
			name = Release;
		};
/* End XCBuildConfiguration section */

/* Begin XCConfigurationList section */
		6316B5542AD503CD00B7346F /* Build configuration list for PBXProject "hub_project" */ = {
			isa = XCConfigurationList;
			buildConfigurations = (
				6316B5812AD503CF00B7346F /* Debug */,
				6316B5822AD503CF00B7346F /* Release */,
			);
			defaultConfigurationIsVisible = 0;
			defaultConfigurationName = Release;
		};
		6316B5832AD503CF00B7346F /* Build configuration list for PBXNativeTarget "hub_project" */ = {
			isa = XCConfigurationList;
			buildConfigurations = (
				6316B5842AD503CF00B7346F /* Debug */,
				6316B5852AD503CF00B7346F /* Release */,
			);
			defaultConfigurationIsVisible = 0;
			defaultConfigurationName = Release;
		};
		6316B5862AD503CF00B7346F /* Build configuration list for PBXNativeTarget "hub_projectTests" */ = {
			isa = XCConfigurationList;
			buildConfigurations = (
				6316B5872AD503CF00B7346F /* Debug */,
				6316B5882AD503CF00B7346F /* Release */,
			);
			defaultConfigurationIsVisible = 0;
			defaultConfigurationName = Release;
		};
		6316B5892AD503CF00B7346F /* Build configuration list for PBXNativeTarget "hub_projectUITests" */ = {
			isa = XCConfigurationList;
			buildConfigurations = (
				6316B58A2AD503CF00B7346F /* Debug */,
				6316B58B2AD503CF00B7346F /* Release */,
			);
			defaultConfigurationIsVisible = 0;
			defaultConfigurationName = Release;
		};
/* End XCConfigurationList section */
	};
	rootObject = 6316B5512AD503CD00B7346F /* Project object */;
}
